
Microsoft Visual Studio Solution File, Format Version 12.00
# Visual Studio 15
VisualStudioVersion = 15.0.27428.2043
MinimumVisualStudioVersion = 10.0.40219.1
Project("{FAE04EC0-301F-11D3-BF4B-00C04F79EFBC}") = "PasswordSystem", "PasswordSystem\PasswordSystem.csproj", "{BD285BAF-549A-472D-B0F1-AE1FB59630CB}"
EndProject
Global
	GlobalSection(SolutionConfigurationPlatforms) = preSolution
		Debug|Any CPU = Debug|Any CPU
		Release|Any CPU = Release|Any CPU
	EndGlobalSection
	GlobalSection(ProjectConfigurationPlatforms) = postSolution
		{BD285BAF-549A-472D-B0F1-AE1FB59630CB}.Debug|Any CPU.ActiveCfg = Debug|Any CPU
		{BD285BAF-549A-472D-B0F1-AE1FB59630CB}.Debug|Any CPU.Build.0 = Debug|Any CPU
		{BD285BAF-549A-472D-B0F1-AE1FB59630CB}.Release|Any CPU.ActiveCfg = Release|Any CPU
		{BD285BAF-549A-472D-B0F1-AE1FB59630CB}.Release|Any CPU.Build.0 = Release|Any CPU
	EndGlobalSection
	GlobalSection(SolutionProperties) = preSolution
		HideSolutionNode = FALSE
	EndGlobalSection
	GlobalSection(ExtensibilityGlobals) = postSolution
		SolutionGuid = {B1861912-9ABA-4717-B5EE-13926B5F98C0}
	EndGlobalSection
EndGlobal
